
Microsoft Visual Studio Solution File, Format Version 12.00
# Visual Studio Version 17
VisualStudioVersion = 17.7.34018.315
MinimumVisualStudioVersion = 10.0.40219.1
Project("{FAE04EC0-301F-11D3-BF4B-00C04F79EFBC}") = "WebAPIEx", "WebAPIEx\WebAPIEx.csproj", "{AA4B2A6E-7290-4FBB-9F26-F8B198939FD7}"
EndProject
Global
	GlobalSection(SolutionConfigurationPlatforms) = preSolution
		Debug|Any CPU = Debug|Any CPU
		Release|Any CPU = Release|Any CPU
	EndGlobalSection
	GlobalSection(ProjectConfigurationPlatforms) = postSolution
		{AA4B2A6E-7290-4FBB-9F26-F8B198939FD7}.Debug|Any CPU.ActiveCfg = Debug|Any CPU
		{AA4B2A6E-7290-4FBB-9F26-F8B198939FD7}.Debug|Any CPU.Build.0 = Debug|Any CPU
		{AA4B2A6E-7290-4FBB-9F26-F8B198939FD7}.Release|Any CPU.ActiveCfg = Release|Any CPU
		{AA4B2A6E-7290-4FBB-9F26-F8B198939FD7}.Release|Any CPU.Build.0 = Release|Any CPU
	EndGlobalSection
	GlobalSection(SolutionProperties) = preSolution
		HideSolutionNode = FALSE
	EndGlobalSection
	GlobalSection(ExtensibilityGlobals) = postSolution
		SolutionGuid = {5CFF329C-53FA-49D5-967C-A495BF009D2E}
	EndGlobalSection
EndGlobal
